
Microsoft Visual Studio Solution File, Format Version 12.00
# Visual Studio 2012
Project("{FAE04EC0-301F-11D3-BF4B-00C04F79EFBC}") = "MyNeckMyBack", "MyNeckMyBack\MyNeckMyBack.csproj", "{8B1F269F-CCD2-4ED1-839C-19CDB24212EC}"
EndProject
Project("{FAE04EC0-301F-11D3-BF4B-00C04F79EFBC}") = "MyNeckMyBack.Tests", "MyNeckMyBack.Tests\MyNeckMyBack.Tests.csproj", "{73A0C718-3B75-447F-8594-F27729839566}"
EndProject
Global
	GlobalSection(SolutionConfigurationPlatforms) = preSolution
		Debug|Any CPU = Debug|Any CPU
		Release|Any CPU = Release|Any CPU
	EndGlobalSection
	GlobalSection(ProjectConfigurationPlatforms) = postSolution
		{8B1F269F-CCD2-4ED1-839C-19CDB24212EC}.Debug|Any CPU.ActiveCfg = Debug|Any CPU
		{8B1F269F-CCD2-4ED1-839C-19CDB24212EC}.Debug|Any CPU.Build.0 = Debug|Any CPU
		{8B1F269F-CCD2-4ED1-839C-19CDB24212EC}.Release|Any CPU.ActiveCfg = Release|Any CPU
		{8B1F269F-CCD2-4ED1-839C-19CDB24212EC}.Release|Any CPU.Build.0 = Release|Any CPU
		{73A0C718-3B75-447F-8594-F27729839566}.Debug|Any CPU.ActiveCfg = Debug|Any CPU
		{73A0C718-3B75-447F-8594-F27729839566}.Debug|Any CPU.Build.0 = Debug|Any CPU
		{73A0C718-3B75-447F-8594-F27729839566}.Release|Any CPU.ActiveCfg = Release|Any CPU
		{73A0C718-3B75-447F-8594-F27729839566}.Release|Any CPU.Build.0 = Release|Any CPU
	EndGlobalSection
	GlobalSection(SolutionProperties) = preSolution
		HideSolutionNode = FALSE
	EndGlobalSection
EndGlobal
